
Microsoft Visual Studio Solution File, Format Version 12.00
# Visual Studio Version 17
VisualStudioVersion = 17.8.34309.116
MinimumVisualStudioVersion = 10.0.40219.1
Project("{FAE04EC0-301F-11D3-BF4B-00C04F79EFBC}") = "SiliconApp", "SiliconApp\SiliconApp.csproj", "{6F628ADD-8EE8-4F6E-9586-B9CD2D5AFC25}"
EndProject
Global
	GlobalSection(SolutionConfigurationPlatforms) = preSolution
		Debug|Any CPU = Debug|Any CPU
		Release|Any CPU = Release|Any CPU
	EndGlobalSection
	GlobalSection(ProjectConfigurationPlatforms) = postSolution
		{6F628ADD-8EE8-4F6E-9586-B9CD2D5AFC25}.Debug|Any CPU.ActiveCfg = Debug|Any CPU
		{6F628ADD-8EE8-4F6E-9586-B9CD2D5AFC25}.Debug|Any CPU.Build.0 = Debug|Any CPU
		{6F628ADD-8EE8-4F6E-9586-B9CD2D5AFC25}.Release|Any CPU.ActiveCfg = Release|Any CPU
		{6F628ADD-8EE8-4F6E-9586-B9CD2D5AFC25}.Release|Any CPU.Build.0 = Release|Any CPU
	EndGlobalSection
	GlobalSection(SolutionProperties) = preSolution
		HideSolutionNode = FALSE
	EndGlobalSection
	GlobalSection(ExtensibilityGlobals) = postSolution
		SolutionGuid = {9B9F58FD-D70F-481B-A528-2C6183A3D3C9}
	EndGlobalSection
EndGlobal
